# THIS IS AN AUTOGENERATED FILE. DO NOT EDIT THIS FILE DIRECTLY.
# yarn lockfile v1


"@discordjs/builders@^0.13.0-dev":
  version "0.13.0-dev.1648515278-ac4bc3a"
  resolved "https://registry.yarnpkg.com/@discordjs/builders/-/builders-0.13.0-dev.1648515278-ac4bc3a.tgz#506a0faaffdda665bcb9a431a294c5e8406a77cb"
  integrity sha512-ELYfdaX2+fHmP3SeYvGt5wNt/vt2fDV7Fou0fKun4qe+TZ+S0RKKpce+Hh/VG7oJk3kFsdPbxDQMGQmPYALXLg==
  dependencies:
    "@sindresorhus/is" "^4.4.0"
    discord-api-types "^0.29.0"
    fast-deep-equal "^3.1.3"
    ts-mixer "^6.0.0"
    tslib "^2.3.1"
    zod "^3.11.6"

"@discordjs/collection@^0.6.0-dev":
  version "0.6.0-dev.1648515283-ac4bc3a"
  resolved "https://registry.yarnpkg.com/@discordjs/collection/-/collection-0.6.0-dev.1648515283-ac4bc3a.tgz#58fec18e32eb53ddc2fb20858eaa7762d69fc1b9"
  integrity sha512-dZz5GLilZvXQJd2WQ5d6J0DwQf9YY7uiCU6RYYOYm2ytTWvrE8AwVWKOz60eYuI3+M8pc/oaWbAcBIsnIFsNnw==

"@discordjs/rest@^0.4.0-dev":
  version "0.4.0-dev.1648515278-ac4bc3a"
  resolved "https://registry.yarnpkg.com/@discordjs/rest/-/rest-0.4.0-dev.1648515278-ac4bc3a.tgz#3ea1367ae80794537257b50190dd2c476b0d2f01"
  integrity sha512-Q6fhzfhbDE4ta6yti9e/H/k1uOMbOm2kgGROV7rD07efEEY8q2Eb2bZEYq1BIT4YjNm+CJuFi4b5MDzBFtsetQ==
  dependencies:
    "@discordjs/collection" "^0.6.0-dev"
    "@sapphire/async-queue" "^1.2.0"
    "@sapphire/snowflake" "^3.1.0"
    "@types/node-fetch" "^2.5.12"
    discord-api-types "^0.29.0"
    form-data "^4.0.0"
    node-fetch "^2.6.7"
    tslib "^2.3.1"

"@sapphire/async-queue@^1.2.0":
  version "1.3.0"
  resolved "https://registry.yarnpkg.com/@sapphire/async-queue/-/async-queue-1.3.0.tgz#98b1b364a5fe820366a786827f2e987590de5964"
  integrity sha512-z+CDw5X4UgIEpZL8KM+ThVx1i8V60HBg0l/oFewTNbQQeRDJHdVxHyJykv+SF1H+Rc8EkMS81VTWo95jVYgO/g==

"@sapphire/snowflake@^3.1.0":
  version "3.2.0"
  resolved "https://registry.yarnpkg.com/@sapphire/snowflake/-/snowflake-3.2.0.tgz#fa915798d0a0ce5fa93b16c793185ae5d0a3f117"
  integrity sha512-tfHzY+6/5bbHdB+uNqsEQ5rhjaZAoFUrqP/l1S5jwxMdKeSCIiGkJjcE99/WGGdzyWGjTNgNVX/dt4Me/FdMlg==

"@sheweny/resolve@^1.3.2":
  version "1.3.3"
  resolved "https://registry.yarnpkg.com/@sheweny/resolve/-/resolve-1.3.3.tgz#b29c7b555415249c0c4d08786fe38f241d3e87f5"
  integrity sha512-p7TpIhHXnvhqgykYOfekO4JQym/L9eUKlSePQc3OnDaBOV3KYHaZwtXciBDA8Ez22K/fppKbmaH747kkwpAoKA==

"@sindresorhus/is@^4.4.0":
  version "4.6.0"
  resolved "https://registry.yarnpkg.com/@sindresorhus/is/-/is-4.6.0.tgz#3c7c9c46e678feefe7a2e5bb609d3dbd665ffb3f"
  integrity sha512-t09vSN3MdfsyCHoFcTRCH/iUtG7OJ0CsjzB8cjAmKc/va/kIgeDI/TxsigdncE/4be734m0cvIYwNaV4i2XqAw==

"@types/node-fetch@^2.5.12":
  version "2.6.1"
  resolved "https://registry.yarnpkg.com/@types/node-fetch/-/node-fetch-2.6.1.tgz#8f127c50481db65886800ef496f20bbf15518975"
  integrity sha512-oMqjURCaxoSIsHSr1E47QHzbmzNR5rK8McHuNb11BOM9cHcIK3Avy0s/b2JlXHoQGTYS3NsvWzV1M0iK7l0wbA==
  dependencies:
    "@types/node" "*"
    form-data "^3.0.0"

"@types/node@*":
  version "17.0.23"
  resolved "https://registry.yarnpkg.com/@types/node/-/node-17.0.23.tgz#3b41a6e643589ac6442bdbd7a4a3ded62f33f7da"
  integrity sha512-UxDxWn7dl97rKVeVS61vErvw086aCYhDLyvRQZ5Rk65rZKepaFdm53GeqXaKBuOhED4e9uWq34IC3TdSdJJ2Gw==

"@types/ws@^8.2.2":
  version "8.5.3"
  resolved "https://registry.yarnpkg.com/@types/ws/-/ws-8.5.3.tgz#7d25a1ffbecd3c4f2d35068d0b283c037003274d"
  integrity sha512-6YOoWjruKj1uLf3INHH7D3qTXwFfEsg1kf3c0uDdSBJwfa/llkwIjrAGV7j7mVgGNbzTQ3HiHKKDXl6bJPD97w==
  dependencies:
    "@types/node" "*"

asynckit@^0.4.0:
  version "0.4.0"
  resolved "https://registry.yarnpkg.com/asynckit/-/asynckit-0.4.0.tgz#c79ed97f7f34cb8f2ba1bc9790bcc366474b4b79"
  integrity sha1-x57Zf380y48robyXkLzDZkdLS3k=

combined-stream@^1.0.8:
  version "1.0.8"
  resolved "https://registry.yarnpkg.com/combined-stream/-/combined-stream-1.0.8.tgz#c3d45a8b34fd730631a110a8a2520682b31d5a7f"
  integrity sha512-FQN4MRfuJeHf7cBbBMJFXhKSDq+2kAArBlmRBvcvFE5BB1HZKXtSFASDhdlz9zOYwxh8lDdnvmMOe/+5cdoEdg==
  dependencies:
    delayed-stream "~1.0.0"

delayed-stream@~1.0.0:
  version "1.0.0"
  resolved "https://registry.yarnpkg.com/delayed-stream/-/delayed-stream-1.0.0.tgz#df3ae199acadfb7d440aaae0b29e2272b24ec619"
  integrity sha1-3zrhmayt+31ECqrgsp4icrJOxhk=

discord-api-types@^0.29.0:
  version "0.29.0"
  resolved "https://registry.yarnpkg.com/discord-api-types/-/discord-api-types-0.29.0.tgz#8346352b623ddd8d8eed386b6eb758e2d82d6005"
  integrity sha512-Ekq1ICNpOTVajXKZguNFrsDeTmam+ZeA38txsNLZnANdXUjU6QBPIZLUQTC6MzigFGb0Tt8vk4xLnXmzv0shNg==

discord.js@^14.0.0-dev.1647259751.2297c2b:
  version "14.0.0-dev.1648515273-ac4bc3a"
  resolved "https://registry.yarnpkg.com/discord.js/-/discord.js-14.0.0-dev.1648515273-ac4bc3a.tgz#7a3abaf4cbe4dd468ab01fd6b628a19eb92594d0"
  integrity sha512-ynRtZ/DC8htvwTYljbnnRGxNyL0ETxS/6tKt0Ov4c4vnUvM6d+ak2ffZ0mNlfM7a9ILEZpP8v9GF2Dd0oehWYg==
  dependencies:
    "@discordjs/builders" "^0.13.0-dev"
    "@discordjs/collection" "^0.6.0-dev"
    "@discordjs/rest" "^0.4.0-dev"
    "@sapphire/snowflake" "^3.1.0"
    "@types/ws" "^8.2.2"
    discord-api-types "^0.29.0"
    fast-deep-equal "^3.1.3"
    lodash.snakecase "^4.1.1"
    undici "^4.14.1"
    ws "^8.5.0"

dotenv@^16.0.0:
  version "16.0.0"
  resolved "https://registry.yarnpkg.com/dotenv/-/dotenv-16.0.0.tgz#c619001253be89ebb638d027b609c75c26e47411"
  integrity sha512-qD9WU0MPM4SWLPJy/r2Be+2WgQj8plChsyrCNQzW/0WjvcJQiKQJ9mH3ZgB3fxbUUxgc/11ZJ0Fi5KiimWGz2Q==

fast-deep-equal@^3.1.3:
  version "3.1.3"
  resolved "https://registry.yarnpkg.com/fast-deep-equal/-/fast-deep-equal-3.1.3.tgz#3a7d56b559d6cbc3eb512325244e619a65c6c525"
  integrity sha512-f3qQ9oQy9j2AhBe/H9VC91wLmKBCCU/gDOnKNAYG5hswO7BLKj09Hc5HYNz9cGI++xlpDCIgDaitVs03ATR84Q==

form-data@^3.0.0:
  version "3.0.1"
  resolved "https://registry.yarnpkg.com/form-data/-/form-data-3.0.1.tgz#ebd53791b78356a99af9a300d4282c4d5eb9755f"
  integrity sha512-RHkBKtLWUVwd7SqRIvCZMEvAMoGUp0XU+seQiZejj0COz3RI3hWP4sCv3gZWWLjJTd7rGwcsF5eKZGii0r/hbg==
  dependencies:
    asynckit "^0.4.0"
    combined-stream "^1.0.8"
    mime-types "^2.1.12"

form-data@^4.0.0:
  version "4.0.0"
  resolved "https://registry.yarnpkg.com/form-data/-/form-data-4.0.0.tgz#93919daeaf361ee529584b9b31664dc12c9fa452"
  integrity sha512-ETEklSGi5t0QMZuiXoA/Q6vcnxcLQP5vdugSpuAyi6SVGi2clPPp+xgEhuMaHC+zGgn31Kd235W35f7Hykkaww==
  dependencies:
    asynckit "^0.4.0"
    combined-stream "^1.0.8"
    mime-types "^2.1.12"

lodash.snakecase@^4.1.1:
  version "4.1.1"
  resolved "https://registry.yarnpkg.com/lodash.snakecase/-/lodash.snakecase-4.1.1.tgz#39d714a35357147837aefd64b5dcbb16becd8f8d"
  integrity sha1-OdcUo1NXFHg3rv1ktdy7Fr7Nj40=

mime-db@1.52.0:
  version "1.52.0"
  resolved "https://registry.yarnpkg.com/mime-db/-/mime-db-1.52.0.tgz#bbabcdc02859f4987301c856e3387ce5ec43bf70"
  integrity sha512-sPU4uV7dYlvtWJxwwxHD0PuihVNiE7TyAbQ5SWxDCB9mUYvOgroQOwYQQOKPJ8CIbE+1ETVlOoK1UC2nU3gYvg==

mime-types@^2.1.12:
  version "2.1.35"
  resolved "https://registry.yarnpkg.com/mime-types/-/mime-types-2.1.35.tgz#381a871b62a734450660ae3deee44813f70d959a"
  integrity sha512-ZDY+bPm5zTTF+YpCrAU9nK0UgICYPT0QtT1NZWFv4s++TNkcgVaT0g6+4R2uI4MjQjzysHB1zxuWL50hzaeXiw==
  dependencies:
    mime-db "1.52.0"

node-fetch@^2.6.7:
  version "2.6.7"
  resolved "https://registry.yarnpkg.com/node-fetch/-/node-fetch-2.6.7.tgz#24de9fba827e3b4ae44dc8b20256a379160052ad"
  integrity sha512-ZjMPFEfVx5j+y2yF35Kzx5sF7kDzxuDj6ziH4FFbOp87zKDZNx8yExJIb05OGF4Nlt9IHFIMBkRl41VdvcNdbQ==
  dependencies:
    whatwg-url "^5.0.0"

sheweny@Sheweny/framework#dev:
  version "4.0.0-dev.1"
  resolved "https://codeload.github.com/Sheweny/framework/tar.gz/c0d454a5992c76cb31f47db851f09f5cf074e587"
  dependencies:
    "@sheweny/resolve" "^1.3.2"

tr46@~0.0.3:
  version "0.0.3"
  resolved "https://registry.yarnpkg.com/tr46/-/tr46-0.0.3.tgz#8184fd347dac9cdc185992f3a6622e14b9d9ab6a"
  integrity sha1-gYT9NH2snNwYWZLzpmIuFLnZq2o=

ts-mixer@^6.0.0:
  version "6.0.1"
  resolved "https://registry.yarnpkg.com/ts-mixer/-/ts-mixer-6.0.1.tgz#7c2627fb98047eb5f3c7f2fee39d1521d18fe87a"
  integrity sha512-hvE+ZYXuINrx6Ei6D6hz+PTim0Uf++dYbK9FFifLNwQj+RwKquhQpn868yZsCtJYiclZF1u8l6WZxxKi+vv7Rg==

tslib@^2.3.1:
  version "2.3.1"
  resolved "https://registry.yarnpkg.com/tslib/-/tslib-2.3.1.tgz#e8a335add5ceae51aa261d32a490158ef042ef01"
  integrity sha512-77EbyPPpMz+FRFRuAFlWMtmgUWGe9UOG2Z25NqCwiIjRhOf5iKGuzSe5P2w1laq+FkRy4p+PCuVkJSGkzTEKVw==

undici@^4.14.1:
  version "4.16.0"
  resolved "https://registry.yarnpkg.com/undici/-/undici-4.16.0.tgz#469bb87b3b918818d3d7843d91a1d08da357d5ff"
  integrity sha512-tkZSECUYi+/T1i4u+4+lwZmQgLXd4BLGlrc7KZPcLIW7Jpq99+Xpc30ONv7nS6F5UNOxp/HBZSSL9MafUrvJbw==

webidl-conversions@^3.0.0:
  version "3.0.1"
  resolved "https://registry.yarnpkg.com/webidl-conversions/-/webidl-conversions-3.0.1.tgz#24534275e2a7bc6be7bc86611cc16ae0a5654871"
  integrity sha1-JFNCdeKnvGvnvIZhHMFq4KVlSHE=

whatwg-url@^5.0.0:
  version "5.0.0"
  resolved "https://registry.yarnpkg.com/whatwg-url/-/whatwg-url-5.0.0.tgz#966454e8765462e37644d3626f6742ce8b70965d"
  integrity sha1-lmRU6HZUYuN2RNNib2dCzotwll0=
  dependencies:
    tr46 "~0.0.3"
    webidl-conversions "^3.0.0"

ws@^8.5.0:
  version "8.5.0"
  resolved "https://registry.yarnpkg.com/ws/-/ws-8.5.0.tgz#bfb4be96600757fe5382de12c670dab984a1ed4f"
  integrity sha512-BWX0SWVgLPzYwF8lTzEy1egjhS4S4OEAHfsO8o65WOVsrnSRGaSiUaa9e0ggGlkMTtBlmOpEXiie9RUcBO86qg==

zod@^3.11.6:
  version "3.14.3"
  resolved "https://registry.yarnpkg.com/zod/-/zod-3.14.3.tgz#60e86341c05883c281fe96a0e79acea48a09f123"
  integrity sha512-OzwRCSXB1+/8F6w6HkYHdbuWysYWnAF4fkRgKDcSFc54CE+Sv0rHXKfeNUReGCrHukm1LNpi6AYeXotznhYJbQ==
